
Microsoft Visual Studio Solution File, Format Version 12.00
# Visual Studio Version 17
VisualStudioVersion = 17.6.33723.286
MinimumVisualStudioVersion = 10.0.40219.1
Project("{FAE04EC0-301F-11D3-BF4B-00C04F79EFBC}") = "TrainingSession2", "TrainingSession2\TrainingSession2.csproj", "{B2BABC9F-3EF4-41A4-AFF1-EACB706554F8}"
EndProject
Global
	GlobalSection(SolutionConfigurationPlatforms) = preSolution
		Debug|Any CPU = Debug|Any CPU
		Release|Any CPU = Release|Any CPU
	EndGlobalSection
	GlobalSection(ProjectConfigurationPlatforms) = postSolution
		{B2BABC9F-3EF4-41A4-AFF1-EACB706554F8}.Debug|Any CPU.ActiveCfg = Debug|Any CPU
		{B2BABC9F-3EF4-41A4-AFF1-EACB706554F8}.Debug|Any CPU.Build.0 = Debug|Any CPU
		{B2BABC9F-3EF4-41A4-AFF1-EACB706554F8}.Release|Any CPU.ActiveCfg = Release|Any CPU
		{B2BABC9F-3EF4-41A4-AFF1-EACB706554F8}.Release|Any CPU.Build.0 = Release|Any CPU
	EndGlobalSection
	GlobalSection(SolutionProperties) = preSolution
		HideSolutionNode = FALSE
	EndGlobalSection
	GlobalSection(ExtensibilityGlobals) = postSolution
		SolutionGuid = {9A50BB7A-69F3-4886-B683-71F91D6A9743}
	EndGlobalSection
EndGlobal
